// !$*UTF8*$!
{
	archiveVersion = 1;
	classes = {
	};
	objectVersion = 56;
	objects = {

/* Begin PBXBuildFile section */
		2B1B32FF2AD5CD32006BD2C2 /* UITestingSampleAppUITestsGeneratedScreenshotTests.swift in Sources */ = {isa = PBXBuildFile; fileRef = 2B1B32FE2AD5CD32006BD2C2 /* UITestingSampleAppUITestsGeneratedScreenshotTests.swift */; };
		2B1C15852A8A8A2600015A71 /* UITestingSampleAppApp.swift in Sources */ = {isa = PBXBuildFile; fileRef = 2B1C15842A8A8A2600015A71 /* UITestingSampleAppApp.swift */; };
		2B1C15872A8A8A2600015A71 /* ContentView.swift in Sources */ = {isa = PBXBuildFile; fileRef = 2B1C15862A8A8A2600015A71 /* ContentView.swift */; };
		2B1C15892A8A8A2900015A71 /* Assets.xcassets in Resources */ = {isa = PBXBuildFile; fileRef = 2B1C15882A8A8A2900015A71 /* Assets.xcassets */; };
		2B1C158D2A8A8A2900015A71 /* Preview Assets.xcassets in Resources */ = {isa = PBXBuildFile; fileRef = 2B1C158C2A8A8A2900015A71 /* Preview Assets.xcassets */; };
		2B1C15A32A8A8A2900015A71 /* UITestingSampleAppUITestsScreenshotClippingTests.swift in Sources */ = {isa = PBXBuildFile; fileRef = 2B1C15A22A8A8A2900015A71 /* UITestingSampleAppUITestsScreenshotClippingTests.swift */; };
		2B1C15B22A8A8B1100015A71 /* GXUITest in Frameworks */ = {isa = PBXBuildFile; productRef = 2B1C15B12A8A8B1100015A71 /* GXUITest */; };
		2BA961122ACDA45C001A1EF5 /* UITestingSampleAppUITestsGeneratedIntegrationTests.swift in Sources */ = {isa = PBXBuildFile; fileRef = 2BA961112ACDA45C001A1EF5 /* UITestingSampleAppUITestsGeneratedIntegrationTests.swift */; };
		934F54812DC25D8400657349 /* GXUIApplication in Frameworks */ = {isa = PBXBuildFile; productRef = 934F54802DC25D8400657349 /* GXUIApplication */; };
/* End PBXBuildFile section */

/* Begin PBXContainerItemProxy section */
		2B1C159D2A8A8A2900015A71 /* PBXContainerItemProxy */ = {
			isa = PBXContainerItemProxy;
			containerPortal = 2B1C15792A8A8A2600015A71 /* Project object */;
			proxyType = 1;
			remoteGlobalIDString = 2B1C15802A8A8A2600015A71;
			remoteInfo = UITestingSampleApp;
		};
/* End PBXContainerItemProxy section */

/* Begin PBXFileReference section */
		2B1B32FE2AD5CD32006BD2C2 /* UITestingSampleAppUITestsGeneratedScreenshotTests.swift */ = {isa = PBXFileReference; fileEncoding = 4; lastKnownFileType = sourcecode.swift; path = UITestingSampleAppUITestsGeneratedScreenshotTests.swift; sourceTree = "<group>"; };
		2B1C15812A8A8A2600015A71 /* UITestingSampleApp.app */ = {isa = PBXFileReference; explicitFileType = wrapper.application; includeInIndex = 0; path = UITestingSampleApp.app; sourceTree = BUILT_PRODUCTS_DIR; };
		2B1C15842A8A8A2600015A71 /* UITestingSampleAppApp.swift */ = {isa = PBXFileReference; lastKnownFileType = sourcecode.swift; path = UITestingSampleAppApp.swift; sourceTree = "<group>"; };
		2B1C15862A8A8A2600015A71 /* ContentView.swift */ = {isa = PBXFileReference; lastKnownFileType = sourcecode.swift; path = ContentView.swift; sourceTree = "<group>"; };
		2B1C15882A8A8A2900015A71 /* Assets.xcassets */ = {isa = PBXFileReference; lastKnownFileType = folder.assetcatalog; path = Assets.xcassets; sourceTree = "<group>"; };
		2B1C158A2A8A8A2900015A71 /* UITestingSampleApp.entitlements */ = {isa = PBXFileReference; lastKnownFileType = text.plist.entitlements; path = UITestingSampleApp.entitlements; sourceTree = "<group>"; };
		2B1C158C2A8A8A2900015A71 /* Preview Assets.xcassets */ = {isa = PBXFileReference; lastKnownFileType = folder.assetcatalog; path = "Preview Assets.xcassets"; sourceTree = "<group>"; };
		2B1C159C2A8A8A2900015A71 /* UITestingSampleAppUITests.xctest */ = {isa = PBXFileReference; explicitFileType = wrapper.cfbundle; includeInIndex = 0; path = UITestingSampleAppUITests.xctest; sourceTree = BUILT_PRODUCTS_DIR; };
		2B1C15A22A8A8A2900015A71 /* UITestingSampleAppUITestsScreenshotClippingTests.swift */ = {isa = PBXFileReference; lastKnownFileType = sourcecode.swift; path = UITestingSampleAppUITestsScreenshotClippingTests.swift; sourceTree = "<group>"; };
		2B1C15AF2A8A8A8300015A71 /* UITesting */ = {isa = PBXFileReference; lastKnownFileType = wrapper; name = UITesting; path = ../../..; sourceTree = "<group>"; };
		2B4ACCF42AC11306003FA184 /* UITestingSampleApp.xctestplan */ = {isa = PBXFileReference; lastKnownFileType = text; path = UITestingSampleApp.xctestplan; sourceTree = SOURCE_ROOT; };
		2BA961112ACDA45C001A1EF5 /* UITestingSampleAppUITestsGeneratedIntegrationTests.swift */ = {isa = PBXFileReference; lastKnownFileType = sourcecode.swift; path = UITestingSampleAppUITestsGeneratedIntegrationTests.swift; sourceTree = "<group>"; };
/* End PBXFileReference section */

/* Begin PBXFrameworksBuildPhase section */
		2B1C157E2A8A8A2600015A71 /* Frameworks */ = {
			isa = PBXFrameworksBuildPhase;
			buildActionMask = 2147483647;
			files = (
				934F54812DC25D8400657349 /* GXUIApplication in Frameworks */,
			);
			runOnlyForDeploymentPostprocessing = 0;
		};
		2B1C15992A8A8A2900015A71 /* Frameworks */ = {
			isa = PBXFrameworksBuildPhase;
			buildActionMask = 2147483647;
			files = (
				2B1C15B22A8A8B1100015A71 /* GXUITest in Frameworks */,
			);
			runOnlyForDeploymentPostprocessing = 0;
		};
/* End PBXFrameworksBuildPhase section */

/* Begin PBXGroup section */
		2B1C15782A8A8A2600015A71 = {
			isa = PBXGroup;
			children = (
				2B1C15AF2A8A8A8300015A71 /* UITesting */,
				2B1C15832A8A8A2600015A71 /* UITestingSampleApp */,
				2B1C159F2A8A8A2900015A71 /* UITestingSampleAppUITests */,
				2B1C15822A8A8A2600015A71 /* Products */,
				2B1C15B02A8A8B1100015A71 /* Frameworks */,
			);
			sourceTree = "<group>";
		};
		2B1C15822A8A8A2600015A71 /* Products */ = {
			isa = PBXGroup;
			children = (
				2B1C15812A8A8A2600015A71 /* UITestingSampleApp.app */,
				2B1C159C2A8A8A2900015A71 /* UITestingSampleAppUITests.xctest */,
			);
			name = Products;
			sourceTree = "<group>";
		};
		2B1C15832A8A8A2600015A71 /* UITestingSampleApp */ = {
			isa = PBXGroup;
			children = (
				2B1C15842A8A8A2600015A71 /* UITestingSampleAppApp.swift */,
				2B1C15862A8A8A2600015A71 /* ContentView.swift */,
				2B1C15882A8A8A2900015A71 /* Assets.xcassets */,
				2B1C158A2A8A8A2900015A71 /* UITestingSampleApp.entitlements */,
				2B1C158B2A8A8A2900015A71 /* Preview Content */,
			);
			path = UITestingSampleApp;
			sourceTree = "<group>";
		};
		2B1C158B2A8A8A2900015A71 /* Preview Content */ = {
			isa = PBXGroup;
			children = (
				2B1C158C2A8A8A2900015A71 /* Preview Assets.xcassets */,
			);
			path = "Preview Content";
			sourceTree = "<group>";
		};
		2B1C159F2A8A8A2900015A71 /* UITestingSampleAppUITests */ = {
			isa = PBXGroup;
			children = (
				2B1B32FE2AD5CD32006BD2C2 /* UITestingSampleAppUITestsGeneratedScreenshotTests.swift */,
				2B1C15A22A8A8A2900015A71 /* UITestingSampleAppUITestsScreenshotClippingTests.swift */,
				2B4ACCF42AC11306003FA184 /* UITestingSampleApp.xctestplan */,
				2BA961112ACDA45C001A1EF5 /* UITestingSampleAppUITestsGeneratedIntegrationTests.swift */,
			);
			path = UITestingSampleAppUITests;
			sourceTree = "<group>";
		};
		2B1C15B02A8A8B1100015A71 /* Frameworks */ = {
			isa = PBXGroup;
			children = (
			);
			name = Frameworks;
			sourceTree = "<group>";
		};
/* End PBXGroup section */

/* Begin PBXNativeTarget section */
		2B1C15802A8A8A2600015A71 /* UITestingSampleApp */ = {
			isa = PBXNativeTarget;
			buildConfigurationList = 2B1C15A62A8A8A2900015A71 /* Build configuration list for PBXNativeTarget "UITestingSampleApp" */;
			buildPhases = (
				2B1C157D2A8A8A2600015A71 /* Sources */,
				2B1C157E2A8A8A2600015A71 /* Frameworks */,
				2B1C157F2A8A8A2600015A71 /* Resources */,
			);
			buildRules = (
			);
			dependencies = (
			);
			name = UITestingSampleApp;
			productName = UITestingSampleApp;
			productReference = 2B1C15812A8A8A2600015A71 /* UITestingSampleApp.app */;
			productType = "com.apple.product-type.application";
		};
		2B1C159B2A8A8A2900015A71 /* UITestingSampleAppUITests */ = {
			isa = PBXNativeTarget;
			buildConfigurationList = 2B1C15AC2A8A8A2900015A71 /* Build configuration list for PBXNativeTarget "UITestingSampleAppUITests" */;
			buildPhases = (
				2B1C15982A8A8A2900015A71 /* Sources */,
				2B1C15992A8A8A2900015A71 /* Frameworks */,
				2B1C159A2A8A8A2900015A71 /* Resources */,
			);
			buildRules = (
			);
			dependencies = (
				2B1C159E2A8A8A2900015A71 /* PBXTargetDependency */,
			);
			name = UITestingSampleAppUITests;
			packageProductDependencies = (
				2B1C15B12A8A8B1100015A71 /* GXUITest */,
			);
			productName = UITestingSampleAppUITests;
			productReference = 2B1C159C2A8A8A2900015A71 /* UITestingSampleAppUITests.xctest */;
			productType = "com.apple.product-type.bundle.ui-testing";
		};
/* End PBXNativeTarget section */

/* Begin PBXProject section */
		2B1C15792A8A8A2600015A71 /* Project object */ = {
			isa = PBXProject;
			attributes = {
				BuildIndependentTargetsInParallel = 1;
				LastSwiftUpdateCheck = 1500;
				LastUpgradeCheck = 1500;
				TargetAttributes = {
					2B1C15802A8A8A2600015A71 = {
						CreatedOnToolsVersion = 15.0;
					};
					2B1C159B2A8A8A2900015A71 = {
						CreatedOnToolsVersion = 15.0;
						TestTargetID = 2B1C15802A8A8A2600015A71;
					};
				};
			};
			buildConfigurationList = 2B1C157C2A8A8A2600015A71 /* Build configuration list for PBXProject "UITestingSampleApp" */;
			compatibilityVersion = "Xcode 14.0";
			developmentRegion = en;
			hasScannedForEncodings = 0;
			knownRegions = (
				en,
				Base,
			);
			mainGroup = 2B1C15782A8A8A2600015A71;
			packageReferences = (
				934F547F2DC25D8400657349 /* XCRemoteSwiftPackageReference "GXUIApplication" */,
			);
			productRefGroup = 2B1C15822A8A8A2600015A71 /* Products */;
			projectDirPath = "";
			projectRoot = "";
			targets = (
				2B1C15802A8A8A2600015A71 /* UITestingSampleApp */,
				2B1C159B2A8A8A2900015A71 /* UITestingSampleAppUITests */,
			);
		};
/* End PBXProject section */

/* Begin PBXResourcesBuildPhase section */
		2B1C157F2A8A8A2600015A71 /* Resources */ = {
			isa = PBXResourcesBuildPhase;
			buildActionMask = 2147483647;
			files = (
				2B1C158D2A8A8A2900015A71 /* Preview Assets.xcassets in Resources */,
				2B1C15892A8A8A2900015A71 /* Assets.xcassets in Resources */,
			);
			runOnlyForDeploymentPostprocessing = 0;
		};
		2B1C159A2A8A8A2900015A71 /* Resources */ = {
			isa = PBXResourcesBuildPhase;
			buildActionMask = 2147483647;
			files = (
			);
			runOnlyForDeploymentPostprocessing = 0;
		};
/* End PBXResourcesBuildPhase section */

/* Begin PBXSourcesBuildPhase section */
		2B1C157D2A8A8A2600015A71 /* Sources */ = {
			isa = PBXSourcesBuildPhase;
			buildActionMask = 2147483647;
			files = (
				2B1C15872A8A8A2600015A71 /* ContentView.swift in Sources */,
				2B1C15852A8A8A2600015A71 /* UITestingSampleAppApp.swift in Sources */,
			);
			runOnlyForDeploymentPostprocessing = 0;
		};
		2B1C15982A8A8A2900015A71 /* Sources */ = {
			isa = PBXSourcesBuildPhase;
			buildActionMask = 2147483647;
			files = (
				2B1C15A32A8A8A2900015A71 /* UITestingSampleAppUITestsScreenshotClippingTests.swift in Sources */,
				2B1B32FF2AD5CD32006BD2C2 /* UITestingSampleAppUITestsGeneratedScreenshotTests.swift in Sources */,
				2BA961122ACDA45C001A1EF5 /* UITestingSampleAppUITestsGeneratedIntegrationTests.swift in Sources */,
			);
			runOnlyForDeploymentPostprocessing = 0;
		};
/* End PBXSourcesBuildPhase section */

/* Begin PBXTargetDependency section */
		2B1C159E2A8A8A2900015A71 /* PBXTargetDependency */ = {
			isa = PBXTargetDependency;
			target = 2B1C15802A8A8A2600015A71 /* UITestingSampleApp */;
			targetProxy = 2B1C159D2A8A8A2900015A71 /* PBXContainerItemProxy */;
		};
/* End PBXTargetDependency section */

/* Begin XCBuildConfiguration section */
		2B1C15A42A8A8A2900015A71 /* Debug */ = {
			isa = XCBuildConfiguration;
			buildSettings = {
				ALWAYS_SEARCH_USER_PATHS = NO;
				ASSETCATALOG_COMPILER_GENERATE_SWIFT_ASSET_SYMBOL_EXTENSIONS = YES;
				CLANG_ANALYZER_NONNULL = YES;
				CLANG_ANALYZER_NUMBER_OBJECT_CONVERSION = YES_AGGRESSIVE;
				CLANG_CXX_LANGUAGE_STANDARD = "gnu++20";
				CLANG_ENABLE_MODULES = YES;
				CLANG_ENABLE_OBJC_ARC = YES;
				CLANG_ENABLE_OBJC_WEAK = YES;
				CLANG_WARN_BLOCK_CAPTURE_AUTORELEASING = YES;
				CLANG_WARN_BOOL_CONVERSION = YES;
				CLANG_WARN_COMMA = YES;
				CLANG_WARN_CONSTANT_CONVERSION = YES;
				CLANG_WARN_DEPRECATED_OBJC_IMPLEMENTATIONS = YES;
				CLANG_WARN_DIRECT_OBJC_ISA_USAGE = YES_ERROR;
				CLANG_WARN_DOCUMENTATION_COMMENTS = YES;
				CLANG_WARN_EMPTY_BODY = YES;
				CLANG_WARN_ENUM_CONVERSION = YES;
				CLANG_WARN_INFINITE_RECURSION = YES;
				CLANG_WARN_INT_CONVERSION = YES;
				CLANG_WARN_NON_LITERAL_NULL_CONVERSION = YES;
				CLANG_WARN_OBJC_IMPLICIT_RETAIN_SELF = YES;
				CLANG_WARN_OBJC_LITERAL_CONVERSION = YES;
				CLANG_WARN_OBJC_ROOT_CLASS = YES_ERROR;
				CLANG_WARN_QUOTED_INCLUDE_IN_FRAMEWORK_HEADER = YES;
				CLANG_WARN_RANGE_LOOP_ANALYSIS = YES;
				CLANG_WARN_STRICT_PROTOTYPES = YES;
				CLANG_WARN_SUSPICIOUS_MOVE = YES;
				CLANG_WARN_UNGUARDED_AVAILABILITY = YES_AGGRESSIVE;
				CLANG_WARN_UNREACHABLE_CODE = YES;
				CLANG_WARN__DUPLICATE_METHOD_MATCH = YES;
				COPY_PHASE_STRIP = NO;
				DEBUG_INFORMATION_FORMAT = dwarf;
				ENABLE_STRICT_OBJC_MSGSEND = YES;
				ENABLE_TESTABILITY = YES;
				ENABLE_USER_SCRIPT_SANDBOXING = YES;
				GCC_C_LANGUAGE_STANDARD = gnu17;
				GCC_DYNAMIC_NO_PIC = NO;
				GCC_NO_COMMON_BLOCKS = YES;
				GCC_OPTIMIZATION_LEVEL = 0;
				GCC_PREPROCESSOR_DEFINITIONS = (
					"DEBUG=1",
					"$(inherited)",
				);
				GCC_WARN_64_TO_32_BIT_CONVERSION = YES;
				GCC_WARN_ABOUT_RETURN_TYPE = YES_ERROR;
				GCC_WARN_UNDECLARED_SELECTOR = YES;
				GCC_WARN_UNINITIALIZED_AUTOS = YES_AGGRESSIVE;
				GCC_WARN_UNUSED_FUNCTION = YES;
				GCC_WARN_UNUSED_VARIABLE = YES;
				LOCALIZATION_PREFERS_STRING_CATALOGS = YES;
				MTL_ENABLE_DEBUG_INFO = INCLUDE_SOURCE;
				MTL_FAST_MATH = YES;
				ONLY_ACTIVE_ARCH = YES;
				SWIFT_ACTIVE_COMPILATION_CONDITIONS = "DEBUG $(inherited)";
				SWIFT_OPTIMIZATION_LEVEL = "-Onone";
			};
			name = Debug;
		};
		2B1C15A52A8A8A2900015A71 /* Release */ = {
			isa = XCBuildConfiguration;
			buildSettings = {
				ALWAYS_SEARCH_USER_PATHS = NO;
				ASSETCATALOG_COMPILER_GENERATE_SWIFT_ASSET_SYMBOL_EXTENSIONS = YES;
				CLANG_ANALYZER_NONNULL = YES;
				CLANG_ANALYZER_NUMBER_OBJECT_CONVERSION = YES_AGGRESSIVE;
				CLANG_CXX_LANGUAGE_STANDARD = "gnu++20";
				CLANG_ENABLE_MODULES = YES;
				CLANG_ENABLE_OBJC_ARC = YES;
				CLANG_ENABLE_OBJC_WEAK = YES;
				CLANG_WARN_BLOCK_CAPTURE_AUTORELEASING = YES;
				CLANG_WARN_BOOL_CONVERSION = YES;
				CLANG_WARN_COMMA = YES;
				CLANG_WARN_CONSTANT_CONVERSION = YES;
				CLANG_WARN_DEPRECATED_OBJC_IMPLEMENTATIONS = YES;
				CLANG_WARN_DIRECT_OBJC_ISA_USAGE = YES_ERROR;
				CLANG_WARN_DOCUMENTATION_COMMENTS = YES;
				CLANG_WARN_EMPTY_BODY = YES;
				CLANG_WARN_ENUM_CONVERSION = YES;
				CLANG_WARN_INFINITE_RECURSION = YES;
				CLANG_WARN_INT_CONVERSION = YES;
				CLANG_WARN_NON_LITERAL_NULL_CONVERSION = YES;
				CLANG_WARN_OBJC_IMPLICIT_RETAIN_SELF = YES;
				CLANG_WARN_OBJC_LITERAL_CONVERSION = YES;
				CLANG_WARN_OBJC_ROOT_CLASS = YES_ERROR;
				CLANG_WARN_QUOTED_INCLUDE_IN_FRAMEWORK_HEADER = YES;
				CLANG_WARN_RANGE_LOOP_ANALYSIS = YES;
				CLANG_WARN_STRICT_PROTOTYPES = YES;
				CLANG_WARN_SUSPICIOUS_MOVE = YES;
				CLANG_WARN_UNGUARDED_AVAILABILITY = YES_AGGRESSIVE;
				CLANG_WARN_UNREACHABLE_CODE = YES;
				CLANG_WARN__DUPLICATE_METHOD_MATCH = YES;
				COPY_PHASE_STRIP = NO;
				DEBUG_INFORMATION_FORMAT = "dwarf-with-dsym";
				ENABLE_NS_ASSERTIONS = NO;
				ENABLE_STRICT_OBJC_MSGSEND = YES;
				ENABLE_USER_SCRIPT_SANDBOXING = YES;
				GCC_C_LANGUAGE_STANDARD = gnu17;
				GCC_NO_COMMON_BLOCKS = YES;
				GCC_WARN_64_TO_32_BIT_CONVERSION = YES;
				GCC_WARN_ABOUT_RETURN_TYPE = YES_ERROR;
				GCC_WARN_UNDECLARED_SELECTOR = YES;
				GCC_WARN_UNINITIALIZED_AUTOS = YES_AGGRESSIVE;
				GCC_WARN_UNUSED_FUNCTION = YES;
				GCC_WARN_UNUSED_VARIABLE = YES;
				LOCALIZATION_PREFERS_STRING_CATALOGS = YES;
				MTL_ENABLE_DEBUG_INFO = NO;
				MTL_FAST_MATH = YES;
				SWIFT_COMPILATION_MODE = wholemodule;
			};
			name = Release;
		};
		2B1C15A72A8A8A2900015A71 /* Debug */ = {
			isa = XCBuildConfiguration;
			buildSettings = {
				ASSETCATALOG_COMPILER_APPICON_NAME = AppIcon;
				ASSETCATALOG_COMPILER_GLOBAL_ACCENT_COLOR_NAME = AccentColor;
				CODE_SIGN_ENTITLEMENTS = UITestingSampleApp/UITestingSampleApp.entitlements;
				CODE_SIGN_STYLE = Automatic;
				CURRENT_PROJECT_VERSION = 1;
				DEVELOPMENT_ASSET_PATHS = "\"UITestingSampleApp/Preview Content\"";
				ENABLE_PREVIEWS = YES;
				GENERATE_INFOPLIST_FILE = YES;
				"INFOPLIST_KEY_UIApplicationSceneManifest_Generation[sdk=iphoneos*]" = YES;
				"INFOPLIST_KEY_UIApplicationSceneManifest_Generation[sdk=iphonesimulator*]" = YES;
				"INFOPLIST_KEY_UIApplicationSupportsIndirectInputEvents[sdk=iphoneos*]" = YES;
				"INFOPLIST_KEY_UIApplicationSupportsIndirectInputEvents[sdk=iphonesimulator*]" = YES;
				"INFOPLIST_KEY_UILaunchScreen_Generation[sdk=iphoneos*]" = YES;
				"INFOPLIST_KEY_UILaunchScreen_Generation[sdk=iphonesimulator*]" = YES;
				"INFOPLIST_KEY_UIStatusBarStyle[sdk=iphoneos*]" = UIStatusBarStyleDefault;
				"INFOPLIST_KEY_UIStatusBarStyle[sdk=iphonesimulator*]" = UIStatusBarStyleDefault;
				INFOPLIST_KEY_UISupportedInterfaceOrientations = "UIInterfaceOrientationLandscapeLeft UIInterfaceOrientationLandscapeRight UIInterfaceOrientationPortrait UIInterfaceOrientationPortraitUpsideDown";
				IPHONEOS_DEPLOYMENT_TARGET = 15.0;
				LD_RUNPATH_SEARCH_PATHS = "@executable_path/Frameworks";
				"LD_RUNPATH_SEARCH_PATHS[sdk=macosx*]" = "@executable_path/../Frameworks";
				MACOSX_DEPLOYMENT_TARGET = 14.0;
				MARKETING_VERSION = 1.0;
				PRODUCT_BUNDLE_IDENTIFIER = com.genexus.UITestingSampleApp;
				PRODUCT_NAME = "$(TARGET_NAME)";
				SDKROOT = auto;
				SUPPORTED_PLATFORMS = "iphoneos iphonesimulator";
				SUPPORTS_MACCATALYST = NO;
				SWIFT_EMIT_LOC_STRINGS = YES;
				SWIFT_VERSION = 5.0;
				TARGETED_DEVICE_FAMILY = "1,2";
			};
			name = Debug;
		};
		2B1C15A82A8A8A2900015A71 /* Release */ = {
			isa = XCBuildConfiguration;
			buildSettings = {
				ASSETCATALOG_COMPILER_APPICON_NAME = AppIcon;
				ASSETCATALOG_COMPILER_GLOBAL_ACCENT_COLOR_NAME = AccentColor;
				CODE_SIGN_ENTITLEMENTS = UITestingSampleApp/UITestingSampleApp.entitlements;
				CODE_SIGN_STYLE = Automatic;
				CURRENT_PROJECT_VERSION = 1;
				DEVELOPMENT_ASSET_PATHS = "\"UITestingSampleApp/Preview Content\"";
				ENABLE_PREVIEWS = YES;
				GENERATE_INFOPLIST_FILE = YES;
				"INFOPLIST_KEY_UIApplicationSceneManifest_Generation[sdk=iphoneos*]" = YES;
				"INFOPLIST_KEY_UIApplicationSceneManifest_Generation[sdk=iphonesimulator*]" = YES;
				"INFOPLIST_KEY_UIApplicationSupportsIndirectInputEvents[sdk=iphoneos*]" = YES;
				"INFOPLIST_KEY_UIApplicationSupportsIndirectInputEvents[sdk=iphonesimulator*]" = YES;
				"INFOPLIST_KEY_UILaunchScreen_Generation[sdk=iphoneos*]" = YES;
				"INFOPLIST_KEY_UILaunchScreen_Generation[sdk=iphonesimulator*]" = YES;
				"INFOPLIST_KEY_UIStatusBarStyle[sdk=iphoneos*]" = UIStatusBarStyleDefault;
				"INFOPLIST_KEY_UIStatusBarStyle[sdk=iphonesimulator*]" = UIStatusBarStyleDefault;
				INFOPLIST_KEY_UISupportedInterfaceOrientations = "UIInterfaceOrientationLandscapeLeft UIInterfaceOrientationLandscapeRight UIInterfaceOrientationPortrait UIInterfaceOrientationPortraitUpsideDown";
				IPHONEOS_DEPLOYMENT_TARGET = 15.0;
				LD_RUNPATH_SEARCH_PATHS = "@executable_path/Frameworks";
				"LD_RUNPATH_SEARCH_PATHS[sdk=macosx*]" = "@executable_path/../Frameworks";
				MACOSX_DEPLOYMENT_TARGET = 14.0;
				MARKETING_VERSION = 1.0;
				PRODUCT_BUNDLE_IDENTIFIER = com.genexus.UITestingSampleApp;
				PRODUCT_NAME = "$(TARGET_NAME)";
				SDKROOT = auto;
				SUPPORTED_PLATFORMS = "iphoneos iphonesimulator";
				SUPPORTS_MACCATALYST = NO;
				SWIFT_EMIT_LOC_STRINGS = YES;
				SWIFT_VERSION = 5.0;
				TARGETED_DEVICE_FAMILY = "1,2";
			};
			name = Release;
		};
		2B1C15AD2A8A8A2900015A71 /* Debug */ = {
			isa = XCBuildConfiguration;
			buildSettings = {
				ALWAYS_EMBED_SWIFT_STANDARD_LIBRARIES = YES;
				CODE_SIGN_STYLE = Automatic;
				CURRENT_PROJECT_VERSION = 1;
				GENERATE_INFOPLIST_FILE = YES;
				IPHONEOS_DEPLOYMENT_TARGET = 15.0;
				MACOSX_DEPLOYMENT_TARGET = 14.0;
				MARKETING_VERSION = 1.0;
				PRODUCT_BUNDLE_IDENTIFIER = com.genexus.UITestingSampleAppUITests;
				PRODUCT_NAME = "$(TARGET_NAME)";
				SDKROOT = auto;
				SUPPORTED_PLATFORMS = "iphonesimulator iphoneos";
				SWIFT_EMIT_LOC_STRINGS = NO;
				SWIFT_VERSION = 5.0;
				TARGETED_DEVICE_FAMILY = "1,2";
				TEST_TARGET_NAME = UITestingSampleApp;
			};
			name = Debug;
		};
		2B1C15AE2A8A8A2900015A71 /* Release */ = {
			isa = XCBuildConfiguration;
			buildSettings = {
				ALWAYS_EMBED_SWIFT_STANDARD_LIBRARIES = YES;
				CODE_SIGN_STYLE = Automatic;
				CURRENT_PROJECT_VERSION = 1;
				GENERATE_INFOPLIST_FILE = YES;
				IPHONEOS_DEPLOYMENT_TARGET = 15.0;
				MACOSX_DEPLOYMENT_TARGET = 14.0;
				MARKETING_VERSION = 1.0;
				PRODUCT_BUNDLE_IDENTIFIER = com.genexus.UITestingSampleAppUITests;
				PRODUCT_NAME = "$(TARGET_NAME)";
				SDKROOT = auto;
				SUPPORTED_PLATFORMS = "iphonesimulator iphoneos";
				SWIFT_EMIT_LOC_STRINGS = NO;
				SWIFT_VERSION = 5.0;
				TARGETED_DEVICE_FAMILY = "1,2";
				TEST_TARGET_NAME = UITestingSampleApp;
			};
			name = Release;
		};
/* End XCBuildConfiguration section */

/* Begin XCConfigurationList section */
		2B1C157C2A8A8A2600015A71 /* Build configuration list for PBXProject "UITestingSampleApp" */ = {
			isa = XCConfigurationList;
			buildConfigurations = (
				2B1C15A42A8A8A2900015A71 /* Debug */,
				2B1C15A52A8A8A2900015A71 /* Release */,
			);
			defaultConfigurationIsVisible = 0;
			defaultConfigurationName = Release;
		};
		2B1C15A62A8A8A2900015A71 /* Build configuration list for PBXNativeTarget "UITestingSampleApp" */ = {
			isa = XCConfigurationList;
			buildConfigurations = (
				2B1C15A72A8A8A2900015A71 /* Debug */,
				2B1C15A82A8A8A2900015A71 /* Release */,
			);
			defaultConfigurationIsVisible = 0;
			defaultConfigurationName = Release;
		};
		2B1C15AC2A8A8A2900015A71 /* Build configuration list for PBXNativeTarget "UITestingSampleAppUITests" */ = {
			isa = XCConfigurationList;
			buildConfigurations = (
				2B1C15AD2A8A8A2900015A71 /* Debug */,
				2B1C15AE2A8A8A2900015A71 /* Release */,
			);
			defaultConfigurationIsVisible = 0;
			defaultConfigurationName = Release;
		};
/* End XCConfigurationList section */

/* Begin XCRemoteSwiftPackageReference section */
		934F547F2DC25D8400657349 /* XCRemoteSwiftPackageReference "GXUIApplication" */ = {
			isa = XCRemoteSwiftPackageReference;
			repositoryURL = "https://github.com/GeneXus-SwiftPackages/GXUIApplication.git";
			requirement = {
				kind = upToNextMajorVersion;
				minimumVersion = "3.1.0-beta";
			};
		};
/* End XCRemoteSwiftPackageReference section */

/* Begin XCSwiftPackageProductDependency section */
		2B1C15B12A8A8B1100015A71 /* GXUITest */ = {
			isa = XCSwiftPackageProductDependency;
			productName = GXUITest;
		};
		934F54802DC25D8400657349 /* GXUIApplication */ = {
			isa = XCSwiftPackageProductDependency;
			package = 934F547F2DC25D8400657349 /* XCRemoteSwiftPackageReference "GXUIApplication" */;
			productName = GXUIApplication;
		};
/* End XCSwiftPackageProductDependency section */
	};
	rootObject = 2B1C15792A8A8A2600015A71 /* Project object */;
}
