{
  "pins" : [
    {
      "identity" : "gxcorebl",
      "kind" : "remoteSourceControl",
      "location" : "https://github.com/GeneXus-SwiftPackages/GXCoreBL.git",
      "state" : {
        "revision" : "948e89df66b5eb9465eef27198860326f77f27d7",
        "version" : "3.1.0"
      }
    },
    {
      "identity" : "gxcoreui",
      "kind" : "remoteSourceControl",
      "location" : "https://github.com/GeneXus-SwiftPackages/GXCoreUI.git",
      "state" : {
        "revision" : "f8c6cfe6334914afbdcbe15f18e457e4e8cda8d0",
        "version" : "3.1.0"
      }
    },
    {
      "identity" : "gxdatalayer",
      "kind" : "remoteSourceControl",
      "location" : "https://github.com/GeneXus-SwiftPackages/GXDataLayer.git",
      "state" : {
        "revision" : "39b4cdcc5c1215e7a78c0e503e73b711bdcd7532",
        "version" : "3.1.0"
      }
    },
    {
      "identity" : "gxfoundation",
      "kind" : "remoteSourceControl",
      "location" : "https://github.com/GeneXus-SwiftPackages/GXFoundation.git",
      "state" : {
        "revision" : "dd36fd83e7678c15a06e4b5a5fd82ed9a005c3fb",
        "version" : "3.1.0"
      }
    },
    {
      "identity" : "gxobjectsmodel",
      "kind" : "remoteSourceControl",
      "location" : "https://github.com/GeneXus-SwiftPackages/GXObjectsModel.git",
      "state" : {
        "revision" : "0369844653e61e04c5529fe761e296d4d0c9d36e",
        "version" : "3.1.0"
      }
    },
    {
      "identity" : "gxstandardclasses",
      "kind" : "remoteSourceControl",
      "location" : "https://github.com/GeneXus-SwiftPackages/GXStandardClasses.git",
      "state" : {
        "revision" : "e8c69bfa5e33a8d0501500475a9b5306a188da8c",
        "version" : "3.1.0"
      }
    },
    {
      "identity" : "gxuiapplication",
      "kind" : "remoteSourceControl",
      "location" : "https://github.com/GeneXus-SwiftPackages/GXUIApplication.git",
      "state" : {
        "revision" : "93ba9965734382baedebe86f97f9b84832fafe36",
        "version" : "3.1.0"
      }
    },
    {
      "identity" : "ohhttpstubs",
      "kind" : "remoteSourceControl",
      "location" : "https://github.com/AliSoftware/OHHTTPStubs.git",
      "state" : {
        "revision" : "12f19662426d0434d6c330c6974d53e2eb10ecd9",
        "version" : "9.1.0"
      }
    },
    {
      "identity" : "yajl",
      "kind" : "remoteSourceControl",
      "location" : "https://github.com/GeneXus-SwiftPackages/YAJL.git",
      "state" : {
        "revision" : "cf946889a360392e46515814b021ce08149e8ef7",
        "version" : "3.1.0"
      }
    }
  ],
  "version" : 2
}
