{
  "pins" : [
    {
      "identity" : "gxdatalayer",
      "kind" : "remoteSourceControl",
      "location" : "https://github.com/GeneXus-SwiftPackages/GXDataLayer.git",
      "state" : {
        "revision" : "fa1bbb0f0d5c3a3d465125debdd2e86bf62d13c4",
        "version" : "1.1.0"
      }
    },
    {
      "identity" : "gxfoundation",
      "kind" : "remoteSourceControl",
      "location" : "https://github.com/GeneXus-SwiftPackages/GXFoundation.git",
      "state" : {
        "revision" : "bc2fe741da9bb14119a44ad79ecc9e59ba3d0a6b",
        "version" : "1.1.0"
      }
    },
    {
      "identity" : "gxobjectsmodel",
      "kind" : "remoteSourceControl",
      "location" : "https://github.com/GeneXus-SwiftPackages/GXObjectsModel.git",
      "state" : {
        "revision" : "7dceda23687951f97ef09604085d7e5bc1dd1f4d",
        "version" : "1.1.0"
      }
    },
    {
      "identity" : "gxstandardclasses",
      "kind" : "remoteSourceControl",
      "location" : "https://github.com/GeneXus-SwiftPackages/GXStandardClasses.git",
      "state" : {
        "revision" : "29ac2159e25ad6b45760c217d01601ae8522815a",
        "version" : "1.1.0"
      }
    },
    {
      "identity" : "yajl",
      "kind" : "remoteSourceControl",
      "location" : "https://github.com/GeneXus-SwiftPackages/YAJL.git",
      "state" : {
        "revision" : "65d223bac5586c86d2783026018ddaa99c6bf410",
        "version" : "1.1.0"
      }
    }
  ],
  "version" : 2
}
